
Microsoft Visual Studio Solution File, Format Version 12.00
# Visual Studio Version 16
VisualStudioVersion = 16.0.32106.194
MinimumVisualStudioVersion = 10.0.40219.1
Project("{FAE04EC0-301F-11D3-BF4B-00C04F79EFBC}") = "WindowsForms_Tic_Tac_Toe", "WindowsForms_Tic_Tac_Toe\WindowsForms_Tic_Tac_Toe.csproj", "{F8882708-387E-4E37-9012-F5D357C13E40}"
EndProject
Project("{FAE04EC0-301F-11D3-BF4B-00C04F79EFBC}") = "WindowsForms-TicTacToe", "WindowsForms-TicTacToe\WindowsForms-TicTacToe.csproj", "{348859F2-F422-457B-A90D-01135ED0D98B}"
EndProject
Global
	GlobalSection(SolutionConfigurationPlatforms) = preSolution
		Debug|Any CPU = Debug|Any CPU
		Release|Any CPU = Release|Any CPU
	EndGlobalSection
	GlobalSection(ProjectConfigurationPlatforms) = postSolution
		{F8882708-387E-4E37-9012-F5D357C13E40}.Debug|Any CPU.ActiveCfg = Debug|Any CPU
		{F8882708-387E-4E37-9012-F5D357C13E40}.Debug|Any CPU.Build.0 = Debug|Any CPU
		{F8882708-387E-4E37-9012-F5D357C13E40}.Release|Any CPU.ActiveCfg = Release|Any CPU
		{F8882708-387E-4E37-9012-F5D357C13E40}.Release|Any CPU.Build.0 = Release|Any CPU
		{348859F2-F422-457B-A90D-01135ED0D98B}.Debug|Any CPU.ActiveCfg = Debug|Any CPU
		{348859F2-F422-457B-A90D-01135ED0D98B}.Debug|Any CPU.Build.0 = Debug|Any CPU
		{348859F2-F422-457B-A90D-01135ED0D98B}.Release|Any CPU.ActiveCfg = Release|Any CPU
		{348859F2-F422-457B-A90D-01135ED0D98B}.Release|Any CPU.Build.0 = Release|Any CPU
	EndGlobalSection
	GlobalSection(SolutionProperties) = preSolution
		HideSolutionNode = FALSE
	EndGlobalSection
	GlobalSection(ExtensibilityGlobals) = postSolution
		SolutionGuid = {6E39D5FE-ED28-4A49-8C1E-35052EDC4ACC}
	EndGlobalSection
EndGlobal
